
Microsoft Visual Studio Solution File, Format Version 12.00
# Visual Studio Version 17
VisualStudioVersion = 17.8.34316.72
MinimumVisualStudioVersion = 10.0.40219.1
Project("{FAE04EC0-301F-11D3-BF4B-00C04F79EFBC}") = "BlogPostAngularApi.Server", "BlogPostAngularApi.Server\BlogPostAngularApi.Server.csproj", "{24FA1AE5-DE30-4AD0-8783-D2183040EE28}"
EndProject
Project("{54A90642-561A-4BB1-A94E-469ADEE60C69}") = "blogpostangularapi.client", "blogpostangularapi.client\blogpostangularapi.client.esproj", "{A2989C83-4ADC-44FB-BA2D-360A8EB7579E}"
EndProject
Global
	GlobalSection(SolutionConfigurationPlatforms) = preSolution
		Debug|Any CPU = Debug|Any CPU
		Release|Any CPU = Release|Any CPU
	EndGlobalSection
	GlobalSection(ProjectConfigurationPlatforms) = postSolution
		{24FA1AE5-DE30-4AD0-8783-D2183040EE28}.Debug|Any CPU.ActiveCfg = Debug|Any CPU
		{24FA1AE5-DE30-4AD0-8783-D2183040EE28}.Debug|Any CPU.Build.0 = Debug|Any CPU
		{24FA1AE5-DE30-4AD0-8783-D2183040EE28}.Release|Any CPU.ActiveCfg = Release|Any CPU
		{24FA1AE5-DE30-4AD0-8783-D2183040EE28}.Release|Any CPU.Build.0 = Release|Any CPU
		{A2989C83-4ADC-44FB-BA2D-360A8EB7579E}.Debug|Any CPU.ActiveCfg = Debug|Any CPU
		{A2989C83-4ADC-44FB-BA2D-360A8EB7579E}.Debug|Any CPU.Build.0 = Debug|Any CPU
		{A2989C83-4ADC-44FB-BA2D-360A8EB7579E}.Debug|Any CPU.Deploy.0 = Debug|Any CPU
		{A2989C83-4ADC-44FB-BA2D-360A8EB7579E}.Release|Any CPU.ActiveCfg = Release|Any CPU
		{A2989C83-4ADC-44FB-BA2D-360A8EB7579E}.Release|Any CPU.Build.0 = Release|Any CPU
		{A2989C83-4ADC-44FB-BA2D-360A8EB7579E}.Release|Any CPU.Deploy.0 = Release|Any CPU
	EndGlobalSection
	GlobalSection(SolutionProperties) = preSolution
		HideSolutionNode = FALSE
	EndGlobalSection
	GlobalSection(ExtensibilityGlobals) = postSolution
		SolutionGuid = {CE49E7A9-9CFB-45E5-8670-3AA932C2D40D}
	EndGlobalSection
EndGlobal
